# This is a Gradle generated file for dependency locking.
# Manual edits can break the build and are not advised.
# This file is expected to be part of source control.
# To regenerate this file, run: ./gradlew :sample-java:dependencies --write-locks
com.apicatalog:titanium-jcs:1.1.1=compileClasspath,runtimeClasspath,testCompileClasspath,testRuntimeClasspath
com.apicatalog:titanium-json-ld:1.7.0=compileClasspath,runtimeClasspath,testCompileClasspath,testRuntimeClasspath
com.apicatalog:titanium-rdf-api:1.0.0=compileClasspath,runtimeClasspath,testCompileClasspath,testRuntimeClasspath
com.apicatalog:titanium-rdf-n-quads:1.0.2=compileClasspath,runtimeClasspath,testCompileClasspath,testRuntimeClasspath
com.github.andrewoma.dexx:collection:0.7=compileClasspath,runtimeClasspath,testCompileClasspath,testRuntimeClasspath
com.github.ben-manes.caffeine:caffeine:3.2.2=compileClasspath,runtimeClasspath,testCompileClasspath,testRuntimeClasspath
com.google.code.gson:gson:2.13.2=compileClasspath,runtimeClasspath,testCompileClasspath,testRuntimeClasspath
com.google.errorprone:error_prone_annotations:2.41.0=compileClasspath,runtimeClasspath,testCompileClasspath,testRuntimeClasspath
com.google.protobuf:protobuf-java:4.32.1=compileClasspath,runtimeClasspath,testCompileClasspath,testRuntimeClasspath
commons-codec:commons-codec:1.19.0=compileClasspath,runtimeClasspath,testCompileClasspath,testRuntimeClasspath
commons-io:commons-io:2.20.0=compileClasspath,runtimeClasspath,testCompileClasspath,testRuntimeClasspath
net.java.dev.jna:jna:5.19.1=runtimeClasspath,testRuntimeClasspath
org.apache.commons:commons-collections4:4.5.0=compileClasspath,runtimeClasspath,testCompileClasspath,testRuntimeClasspath
org.apache.commons:commons-compress:1.28.0=compileClasspath,runtimeClasspath,testCompileClasspath,testRuntimeClasspath
org.apache.commons:commons-csv:1.14.1=compileClasspath,runtimeClasspath,testCompileClasspath,testRuntimeClasspath
org.apache.commons:commons-lang3:3.19.0=compileClasspath,runtimeClasspath,testCompileClasspath,testRuntimeClasspath
org.apache.jena:jena-arq:5.6.0=compileClasspath,runtimeClasspath,testCompileClasspath,testRuntimeClasspath
org.apache.jena:jena-base:5.6.0=compileClasspath,runtimeClasspath,testCompileClasspath,testRuntimeClasspath
org.apache.jena:jena-core:5.6.0=compileClasspath,runtimeClasspath,testCompileClasspath,testRuntimeClasspath
org.apache.jena:jena-iri3986:5.6.0=compileClasspath,runtimeClasspath,testCompileClasspath,testRuntimeClasspath
org.apache.jena:jena-iri:5.6.0=compileClasspath,runtimeClasspath,testCompileClasspath,testRuntimeClasspath
org.apache.jena:jena-langtag:5.6.0=compileClasspath,runtimeClasspath,testCompileClasspath,testRuntimeClasspath
org.apache.thrift:libthrift:0.22.0=compileClasspath,runtimeClasspath,testCompileClasspath,testRuntimeClasspath
org.apiguardian:apiguardian-api:1.1.2=testCompileClasspath
org.glassfish:jakarta.json:2.0.1=compileClasspath,runtimeClasspath,testCompileClasspath,testRuntimeClasspath
org.jetbrains.kotlin:kotlin-stdlib:2.4.20=compileClasspath,runtimeClasspath,testCompileClasspath,testRuntimeClasspath
org.jetbrains:annotations:13.0=compileClasspath,runtimeClasspath,testCompileClasspath,testRuntimeClasspath
org.jspecify:jspecify:1.0.0=compileClasspath,runtimeClasspath,testCompileClasspath,testRuntimeClasspath
org.junit.jupiter:junit-jupiter-api:6.0.3=testCompileClasspath,testRuntimeClasspath
org.junit.jupiter:junit-jupiter-engine:6.0.3=testRuntimeClasspath
org.junit.jupiter:junit-jupiter-params:6.0.3=testCompileClasspath,testRuntimeClasspath
org.junit.jupiter:junit-jupiter:6.0.3=testCompileClasspath,testRuntimeClasspath
org.junit.platform:junit-platform-commons:6.0.3=testCompileClasspath,testRuntimeClasspath
org.junit.platform:junit-platform-engine:6.0.3=testRuntimeClasspath
org.junit.platform:junit-platform-launcher:6.0.3=testRuntimeClasspath
org.junit:junit-bom:6.0.3=testCompileClasspath,testRuntimeClasspath
org.opentest4j:opentest4j:1.3.0=testCompileClasspath,testRuntimeClasspath
org.roaringbitmap:RoaringBitmap:1.3.0=compileClasspath,runtimeClasspath,testCompileClasspath,testRuntimeClasspath
org.slf4j:jcl-over-slf4j:2.0.17=compileClasspath,runtimeClasspath,testCompileClasspath,testRuntimeClasspath
org.slf4j:slf4j-api:2.0.17=compileClasspath,runtimeClasspath,testCompileClasspath,testRuntimeClasspath
org.slf4j:slf4j-simple:2.0.17=runtimeClasspath,testRuntimeClasspath
empty=annotationProcessor,testAnnotationProcessor
